
Microsoft Visual Studio Solution File, Format Version 12.00
# Visual Studio Version 16
VisualStudioVersion = 16.0.30804.86
MinimumVisualStudioVersion = 10.0.40219.1
Project("{FAE04EC0-301F-11D3-BF4B-00C04F79EFBC}") = "Sample.Android", "Sample\Sample.Android\Sample.Android.csproj", "{0A5A6196-0D26-460F-A182-3D5260C8D4D8}"
EndProject
Project("{FAE04EC0-301F-11D3-BF4B-00C04F79EFBC}") = "Sample.iOS", "Sample\Sample.iOS\Sample.iOS.csproj", "{3F413047-0A29-459F-8EE1-4D101BB9882F}"
EndProject
Project("{FAE04EC0-301F-11D3-BF4B-00C04F79EFBC}") = "Sample", "Sample\Sample\Sample.csproj", "{2EB205DB-FA0C-4E6C-83E2-0A59B2910385}"
EndProject
Global
	GlobalSection(SolutionConfigurationPlatforms) = preSolution
		Debug|Any CPU = Debug|Any CPU
		Debug|iPhone = Debug|iPhone
		Debug|iPhoneSimulator = Debug|iPhoneSimulator
		Release|Any CPU = Release|Any CPU
		Release|iPhone = Release|iPhone
		Release|iPhoneSimulator = Release|iPhoneSimulator
	EndGlobalSection
	GlobalSection(ProjectConfigurationPlatforms) = postSolution
		{0A5A6196-0D26-460F-A182-3D5260C8D4D8}.Debug|Any CPU.ActiveCfg = Debug|Any CPU
		{0A5A6196-0D26-460F-A182-3D5260C8D4D8}.Debug|Any CPU.Build.0 = Debug|Any CPU
		{0A5A6196-0D26-460F-A182-3D5260C8D4D8}.Debug|Any CPU.Deploy.0 = Debug|Any CPU
		{0A5A6196-0D26-460F-A182-3D5260C8D4D8}.Debug|iPhone.ActiveCfg = Debug|Any CPU
		{0A5A6196-0D26-460F-A182-3D5260C8D4D8}.Debug|iPhone.Build.0 = Debug|Any CPU
		{0A5A6196-0D26-460F-A182-3D5260C8D4D8}.Debug|iPhone.Deploy.0 = Debug|Any CPU
		{0A5A6196-0D26-460F-A182-3D5260C8D4D8}.Debug|iPhoneSimulator.ActiveCfg = Debug|Any CPU
		{0A5A6196-0D26-460F-A182-3D5260C8D4D8}.Debug|iPhoneSimulator.Build.0 = Debug|Any CPU
		{0A5A6196-0D26-460F-A182-3D5260C8D4D8}.Debug|iPhoneSimulator.Deploy.0 = Debug|Any CPU
		{0A5A6196-0D26-460F-A182-3D5260C8D4D8}.Release|Any CPU.ActiveCfg = Release|Any CPU
		{0A5A6196-0D26-460F-A182-3D5260C8D4D8}.Release|Any CPU.Build.0 = Release|Any CPU
		{0A5A6196-0D26-460F-A182-3D5260C8D4D8}.Release|Any CPU.Deploy.0 = Release|Any CPU
		{0A5A6196-0D26-460F-A182-3D5260C8D4D8}.Release|iPhone.ActiveCfg = Release|Any CPU
		{0A5A6196-0D26-460F-A182-3D5260C8D4D8}.Release|iPhone.Build.0 = Release|Any CPU
		{0A5A6196-0D26-460F-A182-3D5260C8D4D8}.Release|iPhone.Deploy.0 = Release|Any CPU
		{0A5A6196-0D26-460F-A182-3D5260C8D4D8}.Release|iPhoneSimulator.ActiveCfg = Release|Any CPU
		{0A5A6196-0D26-460F-A182-3D5260C8D4D8}.Release|iPhoneSimulator.Build.0 = Release|Any CPU
		{0A5A6196-0D26-460F-A182-3D5260C8D4D8}.Release|iPhoneSimulator.Deploy.0 = Release|Any CPU
		{3F413047-0A29-459F-8EE1-4D101BB9882F}.Debug|Any CPU.ActiveCfg = Debug|iPhone
		{3F413047-0A29-459F-8EE1-4D101BB9882F}.Debug|Any CPU.Build.0 = Debug|iPhone
		{3F413047-0A29-459F-8EE1-4D101BB9882F}.Debug|Any CPU.Deploy.0 = Debug|iPhone
		{3F413047-0A29-459F-8EE1-4D101BB9882F}.Debug|iPhone.ActiveCfg = Debug|iPhone
		{3F413047-0A29-459F-8EE1-4D101BB9882F}.Debug|iPhone.Build.0 = Debug|iPhone
		{3F413047-0A29-459F-8EE1-4D101BB9882F}.Debug|iPhone.Deploy.0 = Debug|iPhone
		{3F413047-0A29-459F-8EE1-4D101BB9882F}.Debug|iPhoneSimulator.ActiveCfg = Debug|iPhoneSimulator
		{3F413047-0A29-459F-8EE1-4D101BB9882F}.Debug|iPhoneSimulator.Build.0 = Debug|iPhoneSimulator
		{3F413047-0A29-459F-8EE1-4D101BB9882F}.Debug|iPhoneSimulator.Deploy.0 = Debug|iPhoneSimulator
		{3F413047-0A29-459F-8EE1-4D101BB9882F}.Release|Any CPU.ActiveCfg = Release|iPhoneSimulator
		{3F413047-0A29-459F-8EE1-4D101BB9882F}.Release|Any CPU.Build.0 = Release|iPhoneSimulator
		{3F413047-0A29-459F-8EE1-4D101BB9882F}.Release|Any CPU.Deploy.0 = Release|iPhoneSimulator
		{3F413047-0A29-459F-8EE1-4D101BB9882F}.Release|iPhone.ActiveCfg = Release|iPhone
		{3F413047-0A29-459F-8EE1-4D101BB9882F}.Release|iPhone.Build.0 = Release|iPhone
		{3F413047-0A29-459F-8EE1-4D101BB9882F}.Release|iPhone.Deploy.0 = Release|iPhone
		{3F413047-0A29-459F-8EE1-4D101BB9882F}.Release|iPhoneSimulator.ActiveCfg = Release|iPhoneSimulator
		{3F413047-0A29-459F-8EE1-4D101BB9882F}.Release|iPhoneSimulator.Build.0 = Release|iPhoneSimulator
		{3F413047-0A29-459F-8EE1-4D101BB9882F}.Release|iPhoneSimulator.Deploy.0 = Release|iPhoneSimulator
		{2EB205DB-FA0C-4E6C-83E2-0A59B2910385}.Debug|Any CPU.ActiveCfg = Debug|Any CPU
		{2EB205DB-FA0C-4E6C-83E2-0A59B2910385}.Debug|Any CPU.Build.0 = Debug|Any CPU
		{2EB205DB-FA0C-4E6C-83E2-0A59B2910385}.Debug|Any CPU.Deploy.0 = Debug|Any CPU
		{2EB205DB-FA0C-4E6C-83E2-0A59B2910385}.Debug|iPhone.ActiveCfg = Debug|Any CPU
		{2EB205DB-FA0C-4E6C-83E2-0A59B2910385}.Debug|iPhone.Build.0 = Debug|Any CPU
		{2EB205DB-FA0C-4E6C-83E2-0A59B2910385}.Debug|iPhone.Deploy.0 = Debug|Any CPU
		{2EB205DB-FA0C-4E6C-83E2-0A59B2910385}.Debug|iPhoneSimulator.ActiveCfg = Debug|Any CPU
		{2EB205DB-FA0C-4E6C-83E2-0A59B2910385}.Debug|iPhoneSimulator.Build.0 = Debug|Any CPU
		{2EB205DB-FA0C-4E6C-83E2-0A59B2910385}.Debug|iPhoneSimulator.Deploy.0 = Debug|Any CPU
		{2EB205DB-FA0C-4E6C-83E2-0A59B2910385}.Release|Any CPU.ActiveCfg = Release|Any CPU
		{2EB205DB-FA0C-4E6C-83E2-0A59B2910385}.Release|Any CPU.Build.0 = Release|Any CPU
		{2EB205DB-FA0C-4E6C-83E2-0A59B2910385}.Release|Any CPU.Deploy.0 = Release|Any CPU
		{2EB205DB-FA0C-4E6C-83E2-0A59B2910385}.Release|iPhone.ActiveCfg = Release|Any CPU
		{2EB205DB-FA0C-4E6C-83E2-0A59B2910385}.Release|iPhone.Build.0 = Release|Any CPU
		{2EB205DB-FA0C-4E6C-83E2-0A59B2910385}.Release|iPhone.Deploy.0 = Release|Any CPU
		{2EB205DB-FA0C-4E6C-83E2-0A59B2910385}.Release|iPhoneSimulator.ActiveCfg = Release|Any CPU
		{2EB205DB-FA0C-4E6C-83E2-0A59B2910385}.Release|iPhoneSimulator.Build.0 = Release|Any CPU
		{2EB205DB-FA0C-4E6C-83E2-0A59B2910385}.Release|iPhoneSimulator.Deploy.0 = Release|Any CPU
	EndGlobalSection
	GlobalSection(SolutionProperties) = preSolution
		HideSolutionNode = FALSE
	EndGlobalSection
	GlobalSection(ExtensibilityGlobals) = postSolution
		SolutionGuid = {49D0A033-71CE-421B-8010-F6FA7BAD4298}
	EndGlobalSection
EndGlobal
